
Microsoft Visual Studio Solution File, Format Version 12.00
# Visual Studio Version 17
VisualStudioVersion = 17.1.32228.430
MinimumVisualStudioVersion = 10.0.40219.1
Project("{2150E333-8FDC-42A3-9474-1A3956D46DE8}") = "src", "src", "{E8372615-06C5-4AD9-BAEB-761529A09CBA}"
EndProject
Project("{9A19103F-16F7-4668-BE54-9A1E7A4F7556}") = "PropertyListing.ApplicationCore", "src\PropertyListing.ApplicationCore\PropertyListing.ApplicationCore.csproj", "{86918726-9F8A-4B4C-A595-FF9ED03C61D0}"
EndProject
Project("{9A19103F-16F7-4668-BE54-9A1E7A4F7556}") = "PropertyListing.Infrastructure", "src\PropertyListing.Infrastructure\PropertyListing.Infrastructure.csproj", "{8CE06943-7465-4A6D-B7F2-4AAA89EFB15D}"
EndProject
Project("{9A19103F-16F7-4668-BE54-9A1E7A4F7556}") = "PropertyListing.WebApi", "src\PropertyListing.WebApi\PropertyListing.WebApi.csproj", "{6206F1AC-7BC8-4098-9FC5-93E8830BA322}"
EndProject
Global
	GlobalSection(SolutionConfigurationPlatforms) = preSolution
		Debug|Any CPU = Debug|Any CPU
		Release|Any CPU = Release|Any CPU
	EndGlobalSection
	GlobalSection(ProjectConfigurationPlatforms) = postSolution
		{86918726-9F8A-4B4C-A595-FF9ED03C61D0}.Debug|Any CPU.ActiveCfg = Debug|Any CPU
		{86918726-9F8A-4B4C-A595-FF9ED03C61D0}.Debug|Any CPU.Build.0 = Debug|Any CPU
		{86918726-9F8A-4B4C-A595-FF9ED03C61D0}.Release|Any CPU.ActiveCfg = Release|Any CPU
		{86918726-9F8A-4B4C-A595-FF9ED03C61D0}.Release|Any CPU.Build.0 = Release|Any CPU
		{8CE06943-7465-4A6D-B7F2-4AAA89EFB15D}.Debug|Any CPU.ActiveCfg = Debug|Any CPU
		{8CE06943-7465-4A6D-B7F2-4AAA89EFB15D}.Debug|Any CPU.Build.0 = Debug|Any CPU
		{8CE06943-7465-4A6D-B7F2-4AAA89EFB15D}.Release|Any CPU.ActiveCfg = Release|Any CPU
		{8CE06943-7465-4A6D-B7F2-4AAA89EFB15D}.Release|Any CPU.Build.0 = Release|Any CPU
		{6206F1AC-7BC8-4098-9FC5-93E8830BA322}.Debug|Any CPU.ActiveCfg = Debug|Any CPU
		{6206F1AC-7BC8-4098-9FC5-93E8830BA322}.Debug|Any CPU.Build.0 = Debug|Any CPU
		{6206F1AC-7BC8-4098-9FC5-93E8830BA322}.Release|Any CPU.ActiveCfg = Release|Any CPU
		{6206F1AC-7BC8-4098-9FC5-93E8830BA322}.Release|Any CPU.Build.0 = Release|Any CPU
	EndGlobalSection
	GlobalSection(SolutionProperties) = preSolution
		HideSolutionNode = FALSE
	EndGlobalSection
	GlobalSection(NestedProjects) = preSolution
		{86918726-9F8A-4B4C-A595-FF9ED03C61D0} = {E8372615-06C5-4AD9-BAEB-761529A09CBA}
		{8CE06943-7465-4A6D-B7F2-4AAA89EFB15D} = {E8372615-06C5-4AD9-BAEB-761529A09CBA}
		{6206F1AC-7BC8-4098-9FC5-93E8830BA322} = {E8372615-06C5-4AD9-BAEB-761529A09CBA}
	EndGlobalSection
	GlobalSection(ExtensibilityGlobals) = postSolution
		SolutionGuid = {0F3C9979-E296-4A4B-B4F6-7830AF6B48CA}
	EndGlobalSection
EndGlobal
